
Microsoft Visual Studio Solution File, Format Version 12.00
# Visual Studio Version 17
VisualStudioVersion = 17.14.36915.13 d17.14
MinimumVisualStudioVersion = 10.0.40219.1
Project("{FAE04EC0-301F-11D3-BF4B-00C04F79EFBC}") = "FishingBot", "FishingBot\FishingBot.csproj", "{92181415-17BA-4AE3-BD44-DAF57CD6067A}"
EndProject
Global
	GlobalSection(SolutionConfigurationPlatforms) = preSolution
		Debug|Any CPU = Debug|Any CPU
		Release|Any CPU = Release|Any CPU
	EndGlobalSection
	GlobalSection(ProjectConfigurationPlatforms) = postSolution
		{92181415-17BA-4AE3-BD44-DAF57CD6067A}.Debug|Any CPU.ActiveCfg = Debug|Any CPU
		{92181415-17BA-4AE3-BD44-DAF57CD6067A}.Debug|Any CPU.Build.0 = Debug|Any CPU
		{92181415-17BA-4AE3-BD44-DAF57CD6067A}.Release|Any CPU.ActiveCfg = Release|Any CPU
		{92181415-17BA-4AE3-BD44-DAF57CD6067A}.Release|Any CPU.Build.0 = Release|Any CPU
	EndGlobalSection
	GlobalSection(SolutionProperties) = preSolution
		HideSolutionNode = FALSE
	EndGlobalSection
	GlobalSection(ExtensibilityGlobals) = postSolution
		SolutionGuid = {92637E4E-875C-4488-BF3C-693694198F49}
	EndGlobalSection
EndGlobal
